// !$*UTF8*$!
{
	archiveVersion = 1;
	classes = {
	};
	objectVersion = 56;
	objects = {

/* Begin PBXBuildFile section */
		05D950A52B03C51B00297EAC /* AppDelegate.swift in Sources */ = {isa = PBXBuildFile; fileRef = 05D950A42B03C51B00297EAC /* AppDelegate.swift */; };
		05D950A72B03C51B00297EAC /* SceneDelegate.swift in Sources */ = {isa = PBXBuildFile; fileRef = 05D950A62B03C51B00297EAC /* SceneDelegate.swift */; };
		05D950A92B03C51B00297EAC /* ViewController.swift in Sources */ = {isa = PBXBuildFile; fileRef = 05D950A82B03C51B00297EAC /* ViewController.swift */; };
		05D950AC2B03C51B00297EAC /* Main.storyboard in Resources */ = {isa = PBXBuildFile; fileRef = 05D950AA2B03C51B00297EAC /* Main.storyboard */; };
		05D950AF2B03C51B00297EAC /* plannerApp.xcdatamodeld in Sources */ = {isa = PBXBuildFile; fileRef = 05D950AD2B03C51B00297EAC /* plannerApp.xcdatamodeld */; };
		05D950B12B03C51C00297EAC /* Assets.xcassets in Resources */ = {isa = PBXBuildFile; fileRef = 05D950B02B03C51C00297EAC /* Assets.xcassets */; };
		05D950B42B03C51C00297EAC /* LaunchScreen.storyboard in Resources */ = {isa = PBXBuildFile; fileRef = 05D950B22B03C51C00297EAC /* LaunchScreen.storyboard */; };
		05D950BF2B03C51C00297EAC /* plannerAppTests.swift in Sources */ = {isa = PBXBuildFile; fileRef = 05D950BE2B03C51C00297EAC /* plannerAppTests.swift */; };
		05D950C92B03C51C00297EAC /* plannerAppUITests.swift in Sources */ = {isa = PBXBuildFile; fileRef = 05D950C82B03C51C00297EAC /* plannerAppUITests.swift */; };
		05D950CB2B03C51C00297EAC /* plannerAppUITestsLaunchTests.swift in Sources */ = {isa = PBXBuildFile; fileRef = 05D950CA2B03C51C00297EAC /* plannerAppUITestsLaunchTests.swift */; };
/* End PBXBuildFile section */

/* Begin PBXContainerItemProxy section */
		05D950BB2B03C51C00297EAC /* PBXContainerItemProxy */ = {
			isa = PBXContainerItemProxy;
			containerPortal = 05D950992B03C51B00297EAC /* Project object */;
			proxyType = 1;
			remoteGlobalIDString = 05D950A02B03C51B00297EAC;
			remoteInfo = plannerApp;
		};
		05D950C52B03C51C00297EAC /* PBXContainerItemProxy */ = {
			isa = PBXContainerItemProxy;
			containerPortal = 05D950992B03C51B00297EAC /* Project object */;
			proxyType = 1;
			remoteGlobalIDString = 05D950A02B03C51B00297EAC;
			remoteInfo = plannerApp;
		};
/* End PBXContainerItemProxy section */

/* Begin PBXFileReference section */
		05D950A12B03C51B00297EAC /* plannerApp.app */ = {isa = PBXFileReference; explicitFileType = wrapper.application; includeInIndex = 0; path = plannerApp.app; sourceTree = BUILT_PRODUCTS_DIR; };
		05D950A42B03C51B00297EAC /* AppDelegate.swift */ = {isa = PBXFileReference; lastKnownFileType = sourcecode.swift; path = AppDelegate.swift; sourceTree = "<group>"; };
		05D950A62B03C51B00297EAC /* SceneDelegate.swift */ = {isa = PBXFileReference; lastKnownFileType = sourcecode.swift; path = SceneDelegate.swift; sourceTree = "<group>"; };
		05D950A82B03C51B00297EAC /* ViewController.swift */ = {isa = PBXFileReference; lastKnownFileType = sourcecode.swift; path = ViewController.swift; sourceTree = "<group>"; };
		05D950AB2B03C51B00297EAC /* Base */ = {isa = PBXFileReference; lastKnownFileType = file.storyboard; name = Base; path = Base.lproj/Main.storyboard; sourceTree = "<group>"; };
		05D950AE2B03C51B00297EAC /* plannerApp.xcdatamodel */ = {isa = PBXFileReference; lastKnownFileType = wrapper.xcdatamodel; path = plannerApp.xcdatamodel; sourceTree = "<group>"; };
		05D950B02B03C51C00297EAC /* Assets.xcassets */ = {isa = PBXFileReference; lastKnownFileType = folder.assetcatalog; path = Assets.xcassets; sourceTree = "<group>"; };
		05D950B32B03C51C00297EAC /* Base */ = {isa = PBXFileReference; lastKnownFileType = file.storyboard; name = Base; path = Base.lproj/LaunchScreen.storyboard; sourceTree = "<group>"; };
		05D950B52B03C51C00297EAC /* Info.plist */ = {isa = PBXFileReference; lastKnownFileType = text.plist.xml; path = Info.plist; sourceTree = "<group>"; };
		05D950BA2B03C51C00297EAC /* plannerAppTests.xctest */ = {isa = PBXFileReference; explicitFileType = wrapper.cfbundle; includeInIndex = 0; path = plannerAppTests.xctest; sourceTree = BUILT_PRODUCTS_DIR; };
		05D950BE2B03C51C00297EAC /* plannerAppTests.swift */ = {isa = PBXFileReference; lastKnownFileType = sourcecode.swift; path = plannerAppTests.swift; sourceTree = "<group>"; };
		05D950C42B03C51C00297EAC /* plannerAppUITests.xctest */ = {isa = PBXFileReference; explicitFileType = wrapper.cfbundle; includeInIndex = 0; path = plannerAppUITests.xctest; sourceTree = BUILT_PRODUCTS_DIR; };
		05D950C82B03C51C00297EAC /* plannerAppUITests.swift */ = {isa = PBXFileReference; lastKnownFileType = sourcecode.swift; path = plannerAppUITests.swift; sourceTree = "<group>"; };
		05D950CA2B03C51C00297EAC /* plannerAppUITestsLaunchTests.swift */ = {isa = PBXFileReference; lastKnownFileType = sourcecode.swift; path = plannerAppUITestsLaunchTests.swift; sourceTree = "<group>"; };
/* End PBXFileReference section */

/* Begin PBXFrameworksBuildPhase section */
		05D9509E2B03C51B00297EAC /* Frameworks */ = {
			isa = PBXFrameworksBuildPhase;
			buildActionMask = 2147483647;
			files = (
			);
			runOnlyForDeploymentPostprocessing = 0;
		};
		05D950B72B03C51C00297EAC /* Frameworks */ = {
			isa = PBXFrameworksBuildPhase;
			buildActionMask = 2147483647;
			files = (
			);
			runOnlyForDeploymentPostprocessing = 0;
		};
		05D950C12B03C51C00297EAC /* Frameworks */ = {
			isa = PBXFrameworksBuildPhase;
			buildActionMask = 2147483647;
			files = (
			);
			runOnlyForDeploymentPostprocessing = 0;
		};
/* End PBXFrameworksBuildPhase section */

/* Begin PBXGroup section */
		05D950982B03C51B00297EAC = {
			isa = PBXGroup;
			children = (
				05D950A32B03C51B00297EAC /* plannerApp */,
				05D950BD2B03C51C00297EAC /* plannerAppTests */,
				05D950C72B03C51C00297EAC /* plannerAppUITests */,
				05D950A22B03C51B00297EAC /* Products */,
			);
			sourceTree = "<group>";
		};
		05D950A22B03C51B00297EAC /* Products */ = {
			isa = PBXGroup;
			children = (
				05D950A12B03C51B00297EAC /* plannerApp.app */,
				05D950BA2B03C51C00297EAC /* plannerAppTests.xctest */,
				05D950C42B03C51C00297EAC /* plannerAppUITests.xctest */,
			);
			name = Products;
			sourceTree = "<group>";
		};
		05D950A32B03C51B00297EAC /* plannerApp */ = {
			isa = PBXGroup;
			children = (
				05D950A42B03C51B00297EAC /* AppDelegate.swift */,
				05D950A62B03C51B00297EAC /* SceneDelegate.swift */,
				05D950A82B03C51B00297EAC /* ViewController.swift */,
				05D950AA2B03C51B00297EAC /* Main.storyboard */,
				05D950B02B03C51C00297EAC /* Assets.xcassets */,
				05D950B22B03C51C00297EAC /* LaunchScreen.storyboard */,
				05D950B52B03C51C00297EAC /* Info.plist */,
				05D950AD2B03C51B00297EAC /* plannerApp.xcdatamodeld */,
			);
			path = plannerApp;
			sourceTree = "<group>";
		};
		05D950BD2B03C51C00297EAC /* plannerAppTests */ = {
			isa = PBXGroup;
			children = (
				05D950BE2B03C51C00297EAC /* plannerAppTests.swift */,
			);
			path = plannerAppTests;
			sourceTree = "<group>";
		};
		05D950C72B03C51C00297EAC /* plannerAppUITests */ = {
			isa = PBXGroup;
			children = (
				05D950C82B03C51C00297EAC /* plannerAppUITests.swift */,
				05D950CA2B03C51C00297EAC /* plannerAppUITestsLaunchTests.swift */,
			);
			path = plannerAppUITests;
			sourceTree = "<group>";
		};
/* End PBXGroup section */

/* Begin PBXNativeTarget section */
		05D950A02B03C51B00297EAC /* plannerApp */ = {
			isa = PBXNativeTarget;
			buildConfigurationList = 05D950CE2B03C51C00297EAC /* Build configuration list for PBXNativeTarget "plannerApp" */;
			buildPhases = (
				05D9509D2B03C51B00297EAC /* Sources */,
				05D9509E2B03C51B00297EAC /* Frameworks */,
				05D9509F2B03C51B00297EAC /* Resources */,
			);
			buildRules = (
			);
			dependencies = (
			);
			name = plannerApp;
			productName = plannerApp;
			productReference = 05D950A12B03C51B00297EAC /* plannerApp.app */;
			productType = "com.apple.product-type.application";
		};
		05D950B92B03C51C00297EAC /* plannerAppTests */ = {
			isa = PBXNativeTarget;
			buildConfigurationList = 05D950D12B03C51C00297EAC /* Build configuration list for PBXNativeTarget "plannerAppTests" */;
			buildPhases = (
				05D950B62B03C51C00297EAC /* Sources */,
				05D950B72B03C51C00297EAC /* Frameworks */,
				05D950B82B03C51C00297EAC /* Resources */,
			);
			buildRules = (
			);
			dependencies = (
				05D950BC2B03C51C00297EAC /* PBXTargetDependency */,
			);
			name = plannerAppTests;
			productName = plannerAppTests;
			productReference = 05D950BA2B03C51C00297EAC /* plannerAppTests.xctest */;
			productType = "com.apple.product-type.bundle.unit-test";
		};
		05D950C32B03C51C00297EAC /* plannerAppUITests */ = {
			isa = PBXNativeTarget;
			buildConfigurationList = 05D950D42B03C51C00297EAC /* Build configuration list for PBXNativeTarget "plannerAppUITests" */;
			buildPhases = (
				05D950C02B03C51C00297EAC /* Sources */,
				05D950C12B03C51C00297EAC /* Frameworks */,
				05D950C22B03C51C00297EAC /* Resources */,
			);
			buildRules = (
			);
			dependencies = (
				05D950C62B03C51C00297EAC /* PBXTargetDependency */,
			);
			name = plannerAppUITests;
			productName = plannerAppUITests;
			productReference = 05D950C42B03C51C00297EAC /* plannerAppUITests.xctest */;
			productType = "com.apple.product-type.bundle.ui-testing";
		};
/* End PBXNativeTarget section */

/* Begin PBXProject section */
		05D950992B03C51B00297EAC /* Project object */ = {
			isa = PBXProject;
			attributes = {
				BuildIndependentTargetsInParallel = 1;
				LastSwiftUpdateCheck = 1430;
				LastUpgradeCheck = 1430;
				TargetAttributes = {
					05D950A02B03C51B00297EAC = {
						CreatedOnToolsVersion = 14.3.1;
					};
					05D950B92B03C51C00297EAC = {
						CreatedOnToolsVersion = 14.3.1;
						TestTargetID = 05D950A02B03C51B00297EAC;
					};
					05D950C32B03C51C00297EAC = {
						CreatedOnToolsVersion = 14.3.1;
						TestTargetID = 05D950A02B03C51B00297EAC;
					};
				};
			};
			buildConfigurationList = 05D9509C2B03C51B00297EAC /* Build configuration list for PBXProject "plannerApp" */;
			compatibilityVersion = "Xcode 14.0";
			developmentRegion = en;
			hasScannedForEncodings = 0;
			knownRegions = (
				en,
				Base,
			);
			mainGroup = 05D950982B03C51B00297EAC;
			productRefGroup = 05D950A22B03C51B00297EAC /* Products */;
			projectDirPath = "";
			projectRoot = "";
			targets = (
				05D950A02B03C51B00297EAC /* plannerApp */,
				05D950B92B03C51C00297EAC /* plannerAppTests */,
				05D950C32B03C51C00297EAC /* plannerAppUITests */,
			);
		};
/* End PBXProject section */

/* Begin PBXResourcesBuildPhase section */
		05D9509F2B03C51B00297EAC /* Resources */ = {
			isa = PBXResourcesBuildPhase;
			buildActionMask = 2147483647;
			files = (
				05D950B42B03C51C00297EAC /* LaunchScreen.storyboard in Resources */,
				05D950B12B03C51C00297EAC /* Assets.xcassets in Resources */,
				05D950AC2B03C51B00297EAC /* Main.storyboard in Resources */,
			);
			runOnlyForDeploymentPostprocessing = 0;
		};
		05D950B82B03C51C00297EAC /* Resources */ = {
			isa = PBXResourcesBuildPhase;
			buildActionMask = 2147483647;
			files = (
			);
			runOnlyForDeploymentPostprocessing = 0;
		};
		05D950C22B03C51C00297EAC /* Resources */ = {
			isa = PBXResourcesBuildPhase;
			buildActionMask = 2147483647;
			files = (
			);
			runOnlyForDeploymentPostprocessing = 0;
		};
/* End PBXResourcesBuildPhase section */

/* Begin PBXSourcesBuildPhase section */
		05D9509D2B03C51B00297EAC /* Sources */ = {
			isa = PBXSourcesBuildPhase;
			buildActionMask = 2147483647;
			files = (
				05D950AF2B03C51B00297EAC /* plannerApp.xcdatamodeld in Sources */,
				05D950A92B03C51B00297EAC /* ViewController.swift in Sources */,
				05D950A52B03C51B00297EAC /* AppDelegate.swift in Sources */,
				05D950A72B03C51B00297EAC /* SceneDelegate.swift in Sources */,
			);
			runOnlyForDeploymentPostprocessing = 0;
		};
		05D950B62B03C51C00297EAC /* Sources */ = {
			isa = PBXSourcesBuildPhase;
			buildActionMask = 2147483647;
			files = (
				05D950BF2B03C51C00297EAC /* plannerAppTests.swift in Sources */,
			);
			runOnlyForDeploymentPostprocessing = 0;
		};
		05D950C02B03C51C00297EAC /* Sources */ = {
			isa = PBXSourcesBuildPhase;
			buildActionMask = 2147483647;
			files = (
				05D950C92B03C51C00297EAC /* plannerAppUITests.swift in Sources */,
				05D950CB2B03C51C00297EAC /* plannerAppUITestsLaunchTests.swift in Sources */,
			);
			runOnlyForDeploymentPostprocessing = 0;
		};
/* End PBXSourcesBuildPhase section */

/* Begin PBXTargetDependency section */
		05D950BC2B03C51C00297EAC /* PBXTargetDependency */ = {
			isa = PBXTargetDependency;
			target = 05D950A02B03C51B00297EAC /* plannerApp */;
			targetProxy = 05D950BB2B03C51C00297EAC /* PBXContainerItemProxy */;
		};
		05D950C62B03C51C00297EAC /* PBXTargetDependency */ = {
			isa = PBXTargetDependency;
			target = 05D950A02B03C51B00297EAC /* plannerApp */;
			targetProxy = 05D950C52B03C51C00297EAC /* PBXContainerItemProxy */;
		};
/* End PBXTargetDependency section */

/* Begin PBXVariantGroup section */
		05D950AA2B03C51B00297EAC /* Main.storyboard */ = {
			isa = PBXVariantGroup;
			children = (
				05D950AB2B03C51B00297EAC /* Base */,
			);
			name = Main.storyboard;
			sourceTree = "<group>";
		};
		05D950B22B03C51C00297EAC /* LaunchScreen.storyboard */ = {
			isa = PBXVariantGroup;
			children = (
				05D950B32B03C51C00297EAC /* Base */,
			);
			name = LaunchScreen.storyboard;
			sourceTree = "<group>";
		};
/* End PBXVariantGroup section */

/* Begin XCBuildConfiguration section */
		05D950CC2B03C51C00297EAC /* Debug */ = {
			isa = XCBuildConfiguration;
			buildSettings = {
				ALWAYS_SEARCH_USER_PATHS = NO;
				CLANG_ANALYZER_NONNULL = YES;
				CLANG_ANALYZER_NUMBER_OBJECT_CONVERSION = YES_AGGRESSIVE;
				CLANG_CXX_LANGUAGE_STANDARD = "gnu++20";
				CLANG_ENABLE_MODULES = YES;
				CLANG_ENABLE_OBJC_ARC = YES;
				CLANG_ENABLE_OBJC_WEAK = YES;
				CLANG_WARN_BLOCK_CAPTURE_AUTORELEASING = YES;
				CLANG_WARN_BOOL_CONVERSION = YES;
				CLANG_WARN_COMMA = YES;
				CLANG_WARN_CONSTANT_CONVERSION = YES;
				CLANG_WARN_DEPRECATED_OBJC_IMPLEMENTATIONS = YES;
				CLANG_WARN_DIRECT_OBJC_ISA_USAGE = YES_ERROR;
				CLANG_WARN_DOCUMENTATION_COMMENTS = YES;
				CLANG_WARN_EMPTY_BODY = YES;
				CLANG_WARN_ENUM_CONVERSION = YES;
				CLANG_WARN_INFINITE_RECURSION = YES;
				CLANG_WARN_INT_CONVERSION = YES;
				CLANG_WARN_NON_LITERAL_NULL_CONVERSION = YES;
				CLANG_WARN_OBJC_IMPLICIT_RETAIN_SELF = YES;
				CLANG_WARN_OBJC_LITERAL_CONVERSION = YES;
				CLANG_WARN_OBJC_ROOT_CLASS = YES_ERROR;
				CLANG_WARN_QUOTED_INCLUDE_IN_FRAMEWORK_HEADER = YES;
				CLANG_WARN_RANGE_LOOP_ANALYSIS = YES;
				CLANG_WARN_STRICT_PROTOTYPES = YES;
				CLANG_WARN_SUSPICIOUS_MOVE = YES;
				CLANG_WARN_UNGUARDED_AVAILABILITY = YES_AGGRESSIVE;
				CLANG_WARN_UNREACHABLE_CODE = YES;
				CLANG_WARN__DUPLICATE_METHOD_MATCH = YES;
				COPY_PHASE_STRIP = NO;
				DEBUG_INFORMATION_FORMAT = dwarf;
				ENABLE_STRICT_OBJC_MSGSEND = YES;
				ENABLE_TESTABILITY = YES;
				GCC_C_LANGUAGE_STANDARD = gnu11;
				GCC_DYNAMIC_NO_PIC = NO;
				GCC_NO_COMMON_BLOCKS = YES;
				GCC_OPTIMIZATION_LEVEL = 0;
				GCC_PREPROCESSOR_DEFINITIONS = (
					"DEBUG=1",
					"$(inherited)",
				);
				GCC_WARN_64_TO_32_BIT_CONVERSION = YES;
				GCC_WARN_ABOUT_RETURN_TYPE = YES_ERROR;
				GCC_WARN_UNDECLARED_SELECTOR = YES;
				GCC_WARN_UNINITIALIZED_AUTOS = YES_AGGRESSIVE;
				GCC_WARN_UNUSED_FUNCTION = YES;
				GCC_WARN_UNUSED_VARIABLE = YES;
				IPHONEOS_DEPLOYMENT_TARGET = 16.4;
				MTL_ENABLE_DEBUG_INFO = INCLUDE_SOURCE;
				MTL_FAST_MATH = YES;
				ONLY_ACTIVE_ARCH = YES;
				SDKROOT = iphoneos;
				SWIFT_ACTIVE_COMPILATION_CONDITIONS = DEBUG;
				SWIFT_OPTIMIZATION_LEVEL = "-Onone";
			};
			name = Debug;
		};
		05D950CD2B03C51C00297EAC /* Release */ = {
			isa = XCBuildConfiguration;
			buildSettings = {
				ALWAYS_SEARCH_USER_PATHS = NO;
				CLANG_ANALYZER_NONNULL = YES;
				CLANG_ANALYZER_NUMBER_OBJECT_CONVERSION = YES_AGGRESSIVE;
				CLANG_CXX_LANGUAGE_STANDARD = "gnu++20";
				CLANG_ENABLE_MODULES = YES;
				CLANG_ENABLE_OBJC_ARC = YES;
				CLANG_ENABLE_OBJC_WEAK = YES;
				CLANG_WARN_BLOCK_CAPTURE_AUTORELEASING = YES;
				CLANG_WARN_BOOL_CONVERSION = YES;
				CLANG_WARN_COMMA = YES;
				CLANG_WARN_CONSTANT_CONVERSION = YES;
				CLANG_WARN_DEPRECATED_OBJC_IMPLEMENTATIONS = YES;
				CLANG_WARN_DIRECT_OBJC_ISA_USAGE = YES_ERROR;
				CLANG_WARN_DOCUMENTATION_COMMENTS = YES;
				CLANG_WARN_EMPTY_BODY = YES;
				CLANG_WARN_ENUM_CONVERSION = YES;
				CLANG_WARN_INFINITE_RECURSION = YES;
				CLANG_WARN_INT_CONVERSION = YES;
				CLANG_WARN_NON_LITERAL_NULL_CONVERSION = YES;
				CLANG_WARN_OBJC_IMPLICIT_RETAIN_SELF = YES;
				CLANG_WARN_OBJC_LITERAL_CONVERSION = YES;
				CLANG_WARN_OBJC_ROOT_CLASS = YES_ERROR;
				CLANG_WARN_QUOTED_INCLUDE_IN_FRAMEWORK_HEADER = YES;
				CLANG_WARN_RANGE_LOOP_ANALYSIS = YES;
				CLANG_WARN_STRICT_PROTOTYPES = YES;
				CLANG_WARN_SUSPICIOUS_MOVE = YES;
				CLANG_WARN_UNGUARDED_AVAILABILITY = YES_AGGRESSIVE;
				CLANG_WARN_UNREACHABLE_CODE = YES;
				CLANG_WARN__DUPLICATE_METHOD_MATCH = YES;
				COPY_PHASE_STRIP = NO;
				DEBUG_INFORMATION_FORMAT = "dwarf-with-dsym";
				ENABLE_NS_ASSERTIONS = NO;
				ENABLE_STRICT_OBJC_MSGSEND = YES;
				GCC_C_LANGUAGE_STANDARD = gnu11;
				GCC_NO_COMMON_BLOCKS = YES;
				GCC_WARN_64_TO_32_BIT_CONVERSION = YES;
				GCC_WARN_ABOUT_RETURN_TYPE = YES_ERROR;
				GCC_WARN_UNDECLARED_SELECTOR = YES;
				GCC_WARN_UNINITIALIZED_AUTOS = YES_AGGRESSIVE;
				GCC_WARN_UNUSED_FUNCTION = YES;
				GCC_WARN_UNUSED_VARIABLE = YES;
				IPHONEOS_DEPLOYMENT_TARGET = 16.4;
				MTL_ENABLE_DEBUG_INFO = NO;
				MTL_FAST_MATH = YES;
				SDKROOT = iphoneos;
				SWIFT_COMPILATION_MODE = wholemodule;
				SWIFT_OPTIMIZATION_LEVEL = "-O";
				VALIDATE_PRODUCT = YES;
			};
			name = Release;
		};
		05D950CF2B03C51C00297EAC /* Debug */ = {
			isa = XCBuildConfiguration;
			buildSettings = {
				ASSETCATALOG_COMPILER_APPICON_NAME = AppIcon;
				ASSETCATALOG_COMPILER_GLOBAL_ACCENT_COLOR_NAME = AccentColor;
				CODE_SIGN_STYLE = Automatic;
				CURRENT_PROJECT_VERSION = 1;
				DEVELOPMENT_TEAM = 43R429C7J6;
				GENERATE_INFOPLIST_FILE = YES;
				INFOPLIST_FILE = plannerApp/Info.plist;
				INFOPLIST_KEY_UIApplicationSupportsIndirectInputEvents = YES;
				INFOPLIST_KEY_UILaunchStoryboardName = LaunchScreen;
				INFOPLIST_KEY_UIMainStoryboardFile = Main;
				INFOPLIST_KEY_UISupportedInterfaceOrientations_iPad = "UIInterfaceOrientationPortrait UIInterfaceOrientationPortraitUpsideDown UIInterfaceOrientationLandscapeLeft UIInterfaceOrientationLandscapeRight";
				INFOPLIST_KEY_UISupportedInterfaceOrientations_iPhone = "UIInterfaceOrientationPortrait UIInterfaceOrientationLandscapeLeft UIInterfaceOrientationLandscapeRight";
				LD_RUNPATH_SEARCH_PATHS = (
					"$(inherited)",
					"@executable_path/Frameworks",
				);
				MARKETING_VERSION = 1.0;
				PRODUCT_BUNDLE_IDENTIFIER = clc.plannerApp;
				PRODUCT_NAME = "$(TARGET_NAME)";
				SWIFT_EMIT_LOC_STRINGS = YES;
				SWIFT_VERSION = 5.0;
				TARGETED_DEVICE_FAMILY = "1,2";
			};
			name = Debug;
		};
		05D950D02B03C51C00297EAC /* Release */ = {
			isa = XCBuildConfiguration;
			buildSettings = {
				ASSETCATALOG_COMPILER_APPICON_NAME = AppIcon;
				ASSETCATALOG_COMPILER_GLOBAL_ACCENT_COLOR_NAME = AccentColor;
				CODE_SIGN_STYLE = Automatic;
				CURRENT_PROJECT_VERSION = 1;
				DEVELOPMENT_TEAM = 43R429C7J6;
				GENERATE_INFOPLIST_FILE = YES;
				INFOPLIST_FILE = plannerApp/Info.plist;
				INFOPLIST_KEY_UIApplicationSupportsIndirectInputEvents = YES;
				INFOPLIST_KEY_UILaunchStoryboardName = LaunchScreen;
				INFOPLIST_KEY_UIMainStoryboardFile = Main;
				INFOPLIST_KEY_UISupportedInterfaceOrientations_iPad = "UIInterfaceOrientationPortrait UIInterfaceOrientationPortraitUpsideDown UIInterfaceOrientationLandscapeLeft UIInterfaceOrientationLandscapeRight";
				INFOPLIST_KEY_UISupportedInterfaceOrientations_iPhone = "UIInterfaceOrientationPortrait UIInterfaceOrientationLandscapeLeft UIInterfaceOrientationLandscapeRight";
				LD_RUNPATH_SEARCH_PATHS = (
					"$(inherited)",
					"@executable_path/Frameworks",
				);
				MARKETING_VERSION = 1.0;
				PRODUCT_BUNDLE_IDENTIFIER = clc.plannerApp;
				PRODUCT_NAME = "$(TARGET_NAME)";
				SWIFT_EMIT_LOC_STRINGS = YES;
				SWIFT_VERSION = 5.0;
				TARGETED_DEVICE_FAMILY = "1,2";
			};
			name = Release;
		};
		05D950D22B03C51C00297EAC /* Debug */ = {
			isa = XCBuildConfiguration;
			buildSettings = {
				ALWAYS_EMBED_SWIFT_STANDARD_LIBRARIES = YES;
				BUNDLE_LOADER = "$(TEST_HOST)";
				CODE_SIGN_STYLE = Automatic;
				CURRENT_PROJECT_VERSION = 1;
				DEVELOPMENT_TEAM = 43R429C7J6;
				GENERATE_INFOPLIST_FILE = YES;
				IPHONEOS_DEPLOYMENT_TARGET = 16.4;
				MARKETING_VERSION = 1.0;
				PRODUCT_BUNDLE_IDENTIFIER = clc.plannerAppTests;
				PRODUCT_NAME = "$(TARGET_NAME)";
				SWIFT_EMIT_LOC_STRINGS = NO;
				SWIFT_VERSION = 5.0;
				TARGETED_DEVICE_FAMILY = "1,2";
				TEST_HOST = "$(BUILT_PRODUCTS_DIR)/plannerApp.app/$(BUNDLE_EXECUTABLE_FOLDER_PATH)/plannerApp";
			};
			name = Debug;
		};
		05D950D32B03C51C00297EAC /* Release */ = {
			isa = XCBuildConfiguration;
			buildSettings = {
				ALWAYS_EMBED_SWIFT_STANDARD_LIBRARIES = YES;
				BUNDLE_LOADER = "$(TEST_HOST)";
				CODE_SIGN_STYLE = Automatic;
				CURRENT_PROJECT_VERSION = 1;
				DEVELOPMENT_TEAM = 43R429C7J6;
				GENERATE_INFOPLIST_FILE = YES;
				IPHONEOS_DEPLOYMENT_TARGET = 16.4;
				MARKETING_VERSION = 1.0;
				PRODUCT_BUNDLE_IDENTIFIER = clc.plannerAppTests;
				PRODUCT_NAME = "$(TARGET_NAME)";
				SWIFT_EMIT_LOC_STRINGS = NO;
				SWIFT_VERSION = 5.0;
				TARGETED_DEVICE_FAMILY = "1,2";
				TEST_HOST = "$(BUILT_PRODUCTS_DIR)/plannerApp.app/$(BUNDLE_EXECUTABLE_FOLDER_PATH)/plannerApp";
			};
			name = Release;
		};
		05D950D52B03C51C00297EAC /* Debug */ = {
			isa = XCBuildConfiguration;
			buildSettings = {
				ALWAYS_EMBED_SWIFT_STANDARD_LIBRARIES = YES;
				CODE_SIGN_STYLE = Automatic;
				CURRENT_PROJECT_VERSION = 1;
				DEVELOPMENT_TEAM = 43R429C7J6;
				GENERATE_INFOPLIST_FILE = YES;
				MARKETING_VERSION = 1.0;
				PRODUCT_BUNDLE_IDENTIFIER = clc.plannerAppUITests;
				PRODUCT_NAME = "$(TARGET_NAME)";
				SWIFT_EMIT_LOC_STRINGS = NO;
				SWIFT_VERSION = 5.0;
				TARGETED_DEVICE_FAMILY = "1,2";
				TEST_TARGET_NAME = plannerApp;
			};
			name = Debug;
		};
		05D950D62B03C51C00297EAC /* Release */ = {
			isa = XCBuildConfiguration;
			buildSettings = {
				ALWAYS_EMBED_SWIFT_STANDARD_LIBRARIES = YES;
				CODE_SIGN_STYLE = Automatic;
				CURRENT_PROJECT_VERSION = 1;
				DEVELOPMENT_TEAM = 43R429C7J6;
				GENERATE_INFOPLIST_FILE = YES;
				MARKETING_VERSION = 1.0;
				PRODUCT_BUNDLE_IDENTIFIER = clc.plannerAppUITests;
				PRODUCT_NAME = "$(TARGET_NAME)";
				SWIFT_EMIT_LOC_STRINGS = NO;
				SWIFT_VERSION = 5.0;
				TARGETED_DEVICE_FAMILY = "1,2";
				TEST_TARGET_NAME = plannerApp;
			};
			name = Release;
		};
/* End XCBuildConfiguration section */

/* Begin XCConfigurationList section */
		05D9509C2B03C51B00297EAC /* Build configuration list for PBXProject "plannerApp" */ = {
			isa = XCConfigurationList;
			buildConfigurations = (
				05D950CC2B03C51C00297EAC /* Debug */,
				05D950CD2B03C51C00297EAC /* Release */,
			);
			defaultConfigurationIsVisible = 0;
			defaultConfigurationName = Release;
		};
		05D950CE2B03C51C00297EAC /* Build configuration list for PBXNativeTarget "plannerApp" */ = {
			isa = XCConfigurationList;
			buildConfigurations = (
				05D950CF2B03C51C00297EAC /* Debug */,
				05D950D02B03C51C00297EAC /* Release */,
			);
			defaultConfigurationIsVisible = 0;
			defaultConfigurationName = Release;
		};
		05D950D12B03C51C00297EAC /* Build configuration list for PBXNativeTarget "plannerAppTests" */ = {
			isa = XCConfigurationList;
			buildConfigurations = (
				05D950D22B03C51C00297EAC /* Debug */,
				05D950D32B03C51C00297EAC /* Release */,
			);
			defaultConfigurationIsVisible = 0;
			defaultConfigurationName = Release;
		};
		05D950D42B03C51C00297EAC /* Build configuration list for PBXNativeTarget "plannerAppUITests" */ = {
			isa = XCConfigurationList;
			buildConfigurations = (
				05D950D52B03C51C00297EAC /* Debug */,
				05D950D62B03C51C00297EAC /* Release */,
			);
			defaultConfigurationIsVisible = 0;
			defaultConfigurationName = Release;
		};
/* End XCConfigurationList section */

/* Begin XCVersionGroup section */
		05D950AD2B03C51B00297EAC /* plannerApp.xcdatamodeld */ = {
			isa = XCVersionGroup;
			children = (
				05D950AE2B03C51B00297EAC /* plannerApp.xcdatamodel */,
			);
			currentVersion = 05D950AE2B03C51B00297EAC /* plannerApp.xcdatamodel */;
			path = plannerApp.xcdatamodeld;
			sourceTree = "<group>";
			versionGroupType = wrapper.xcdatamodel;
		};
/* End XCVersionGroup section */
	};
	rootObject = 05D950992B03C51B00297EAC /* Project object */;
}
